PODS:
  - Charts (3.1.1):
    - Charts/Core (= 3.1.1)
  - Charts/Core (3.1.1)

DEPENDENCIES:
  - Charts (from `https://github.com/danielgindi/Charts`, branch `master`)

EXTERNAL SOURCES:
  Charts:
    :branch: master
    :git: https://github.com/danielgindi/Charts

CHECKOUT OPTIONS:
  Charts:
    :commit: 4fca1f7a027c69782522416ef73d9bb92119d1d3
    :git: https://github.com/danielgindi/Charts

SPEC CHECKSUMS:
  Charts: 82c6776516b844809f55228d720129a9dc25b9f2

PODFILE CHECKSUM: 5f63db813e1953308611f19e486ca742e31521f1

COCOAPODS: 1.5.3
